
Microsoft Visual Studio Solution File, Format Version 12.00
# Visual Studio Version 17
VisualStudioVersion = 17.4.33213.308
MinimumVisualStudioVersion = 10.0.40219.1
Project("{FAE04EC0-301F-11D3-BF4B-00C04F79EFBC}") = "EDD_RETO", "EDD_RETO\EDD_RETO.csproj", "{4F355F79-4A0A-4218-8BAD-F14E96B9181D}"
EndProject
Global
	GlobalSection(SolutionConfigurationPlatforms) = preSolution
		Debug|Any CPU = Debug|Any CPU
		Release|Any CPU = Release|Any CPU
	EndGlobalSection
	GlobalSection(ProjectConfigurationPlatforms) = postSolution
		{4F355F79-4A0A-4218-8BAD-F14E96B9181D}.Debug|Any CPU.ActiveCfg = Debug|Any CPU
		{4F355F79-4A0A-4218-8BAD-F14E96B9181D}.Debug|Any CPU.Build.0 = Debug|Any CPU
		{4F355F79-4A0A-4218-8BAD-F14E96B9181D}.Release|Any CPU.ActiveCfg = Release|Any CPU
		{4F355F79-4A0A-4218-8BAD-F14E96B9181D}.Release|Any CPU.Build.0 = Release|Any CPU
	EndGlobalSection
	GlobalSection(SolutionProperties) = preSolution
		HideSolutionNode = FALSE
	EndGlobalSection
	GlobalSection(ExtensibilityGlobals) = postSolution
		SolutionGuid = {81DE965E-0436-4D54-A312-AFDBA72B2DE0}
	EndGlobalSection
EndGlobal
